version = 1
requires-python = ">=3.12"

[[package]]
name = "annotated-types"
version = "0.7.0"
source = { registry = "https://pypi.org/simple" }
sdist = { url = "https://files.pythonhosted.org/packages/ee/67/531ea369ba64dcff5ec9c3402f9f51bf748cec26dde048a2f973a4eea7f5/annotated_types-0.7.0.tar.gz", hash = "sha256:aff07c09a53a08bc8cfccb9c85b05f1aa9a2a6f23728d790723543408344ce89", size = 16081 }
wheels = [
    { url = "https://files.pythonhosted.org/packages/78/b6/6307fbef88d9b5ee7421e68d78a9f162e0da4900bc5f5793f6d3d0e34fb8/annotated_types-0.7.0-py3-none-any.whl", hash = "sha256:1f02e8b43a8fbbc3f3e0d4f0f4bfc8131bcb4eebe8849b8e5c773f3a1c582a53", size = 13643 },
]

[[package]]
name = "confluent-kafka"
version = "2.8.2"
source = { registry = "https://pypi.org/simple" }
sdist = { url = "https://files.pythonhosted.org/packages/4b/4d/4ba3dcb54a1f84d2fc3abde259da568cfd398137c1c30f44ac9aede2b3ab/confluent_kafka-2.8.2.tar.gz", hash = "sha256:e8cac2a00968c587d7e7a8fbb6b2d3c2eb0d342d42fdf1fdc36c10036b944bf3", size = 191793 }
wheels = [
    { url = "https://files.pythonhosted.org/packages/32/46/b119db08602e4fba8e2f6fc9d74df3bca746680229565a7b710e8bc0474e/confluent_kafka-2.8.2-cp312-cp312-macosx_10_9_x86_64.whl", hash = "sha256:b632a230abee16b03bdfbb931eb6cdd05a3b9474066b5dcae01550a0faf7cbaf", size = 3514448 },
    { url = "https://files.pythonhosted.org/packages/37/f2/b0fc96554750d1d611739556f9501f454cb91de236dd168c13488e516843/confluent_kafka-2.8.2-cp312-cp312-macosx_11_0_arm64.whl", hash = "sha256:cd8f33fb94258b676c7c86520f572e2866405056bb31c3425d01fbe0a21f6883", size = 3044190 },
    { url = "https://files.pythonhosted.org/packages/7c/e2/dce865f8c2152a0b8c4bb515b9347a86b94130fe06105a9551ff4b06e8e0/confluent_kafka-2.8.2-cp312-cp312-manylinux_2_28_aarch64.whl", hash = "sha256:2cb254a1d53af672cd0d9f3b34492cb5ca4dae829cecc48292afedd199312f06", size = 15162431 },
    { url = "https://files.pythonhosted.org/packages/7d/61/f9bbb1b5c52656ecd5397d9ac6db26ed5f03824c92e7ecd17a8c31b0d572/confluent_kafka-2.8.2-cp312-cp312-manylinux_2_28_x86_64.whl", hash = "sha256:9ca5a6ddd6401684d6e7237e11efb112087e4c4c4535503e07fc3385e52b2f16", size = 3829519 },
    { url = "https://files.pythonhosted.org/packages/c0/29/097bc30d3eba5fac5a1e546afa171a3042dab837a940bfe770168e599372/confluent_kafka-2.8.2-cp312-cp312-win_amd64.whl", hash = "sha256:77eb22389c5d95a5d4b8a5713ee3f9ad084cbd19107eb80f51678f676fc3a27f", size = 3960034 },
    { url = "https://files.pythonhosted.org/packages/9a/4d/87b809737f74c77a89848e278cde380bdf725bf2c0ab2055d93ca5448697/confluent_kafka-2.8.2-cp313-cp313-macosx_13_0_arm64.whl", hash = "sha256:0974d544bf8b0f23cae70852e53a4e7fec1af7fc83222b302f3ce8855d3ff70b", size = 3048092 },
    { url = "https://files.pythonhosted.org/packages/90/96/867177cd1f39ec956b91817a7211c285dba1118b2ce9a6c9f57c472e128b/confluent_kafka-2.8.2-cp313-cp313-macosx_13_0_x86_64.whl", hash = "sha256:8eb18f6908aa10cb1f410b429abcb0a62d0ca0daf4386ef3784022d0779d236e", size = 3517243 },
    { url = "https://files.pythonhosted.org/packages/81/0a/123e72bca95f06da1e226fd4a7d2c03aedb43a5b13d01ebdaf25141f0ee0/confluent_kafka-2.8.2-cp313-cp313-manylinux_2_28_aarch64.whl", hash = "sha256:9171a75ef2430eb04dea4b433de7ae20db063b7cea2318cb0e6394175a153f6f", size = 15162898 },
    { url = "https://files.pythonhosted.org/packages/a4/d1/19f720ec099166737df36cbe608b40f106914c5536c5e9d97ee8b400c64e/confluent_kafka-2.8.2-cp313-cp313-manylinux_2_28_x86_64.whl", hash = "sha256:6ea4f733aaa2c6363adb8cd1cfeda16599642c472e479cea66c6b298325df0aa", size = 3829869 },
    { url = "https://files.pythonhosted.org/packages/4c/3b/d378fbeeb1d2fbba60f17821ef8a793f821d46212048e083ee04edc812aa/confluent_kafka-2.8.2-cp313-cp313-win_amd64.whl", hash = "sha256:60c6b77179301366410b35bbd224099a43061c983047329b69ed594f86240e7a", size = 4019718 },
    { url = "https://files.pythonhosted.org/packages/f9/f6/cbfc0f21352ee7e6d6957ca9f0c3bbd1845827f1ee539feabc3952cd385d/confluent_kafka-2.8.2-cp313-cp313t-manylinux_2_28_aarch64.whl", hash = "sha256:1eaf441620918600bd8dcfb0e38f2102bf735938ba4d87b057bddacd1fa46262", size = 15161491 },
]

[[package]]
name = "ml"
version = "0.1.0"
source = { virtual = "." }
dependencies = [
    { name = "confluent-kafka" },
    { name = "pydantic" },
    { name = "pydantic-settings" },
    { name = "pydentic" },
]

[package.metadata]
requires-dist = [
    { name = "confluent-kafka", specifier = ">=2.8.2" },
    { name = "pydantic", specifier = ">=2.10.6" },
    { name = "pydantic-settings", specifier = ">=2.8.1" },
    { name = "pydentic", specifier = ">=0.0.1.dev3" },
]

[[package]]
name = "pydantic"
version = "2.10.6"
source = { registry = "https://pypi.org/simple" }
dependencies = [
    { name = "annotated-types" },
    { name = "pydantic-core" },
    { name = "typing-extensions" },
]
sdist = { url = "https://files.pythonhosted.org/packages/b7/ae/d5220c5c52b158b1de7ca89fc5edb72f304a70a4c540c84c8844bf4008de/pydantic-2.10.6.tar.gz", hash = "sha256:ca5daa827cce33de7a42be142548b0096bf05a7e7b365aebfa5f8eeec7128236", size = 761681 }
wheels = [
    { url = "https://files.pythonhosted.org/packages/f4/3c/8cc1cc84deffa6e25d2d0c688ebb80635dfdbf1dbea3e30c541c8cf4d860/pydantic-2.10.6-py3-none-any.whl", hash = "sha256:427d664bf0b8a2b34ff5dd0f5a18df00591adcee7198fbd71981054cef37b584", size = 431696 },
]

[[package]]
name = "pydantic-core"
version = "2.27.2"
source = { registry = "https://pypi.org/simple" }
dependencies = [
    { name = "typing-extensions" },
]
sdist = { url = "https://files.pythonhosted.org/packages/fc/01/f3e5ac5e7c25833db5eb555f7b7ab24cd6f8c322d3a3ad2d67a952dc0abc/pydantic_core-2.27.2.tar.gz", hash = "sha256:eb026e5a4c1fee05726072337ff51d1efb6f59090b7da90d30ea58625b1ffb39", size = 413443 }
wheels = [
    { url = "https://files.pythonhosted.org/packages/d6/74/51c8a5482ca447871c93e142d9d4a92ead74de6c8dc5e66733e22c9bba89/pydantic_core-2.27.2-cp312-cp312-macosx_10_12_x86_64.whl", hash = "sha256:9e0c8cfefa0ef83b4da9588448b6d8d2a2bf1a53c3f1ae5fca39eb3061e2f0b0", size = 1893127 },
    { url = "https://files.pythonhosted.org/packages/d3/f3/c97e80721735868313c58b89d2de85fa80fe8dfeeed84dc51598b92a135e/pydantic_core-2.27.2-cp312-cp312-macosx_11_0_arm64.whl", hash = "sha256:83097677b8e3bd7eaa6775720ec8e0405f1575015a463285a92bfdfe254529ef", size = 1811340 },
    { url = "https://files.pythonhosted.org/packages/9e/91/840ec1375e686dbae1bd80a9e46c26a1e0083e1186abc610efa3d9a36180/pydantic_core-2.27.2-cp312-cp312-manylinux_2_17_aarch64.manylinux2014_aarch64.whl", hash = "sha256:172fce187655fece0c90d90a678424b013f8fbb0ca8b036ac266749c09438cb7", size = 1822900 },
    { url = "https://files.pythonhosted.org/packages/f6/31/4240bc96025035500c18adc149aa6ffdf1a0062a4b525c932065ceb4d868/pydantic_core-2.27.2-cp312-cp312-manylinux_2_17_armv7l.manylinux2014_armv7l.whl", hash = "sha256:519f29f5213271eeeeb3093f662ba2fd512b91c5f188f3bb7b27bc5973816934", size = 1869177 },
    { url = "https://files.pythonhosted.org/packages/fa/20/02fbaadb7808be578317015c462655c317a77a7c8f0ef274bc016a784c54/pydantic_core-2.27.2-cp312-cp312-manylinux_2_17_ppc64le.manylinux2014_ppc64le.whl", hash = "sha256:05e3a55d124407fffba0dd6b0c0cd056d10e983ceb4e5dbd10dda135c31071d6", size = 2038046 },
    { url = "https://files.pythonhosted.org/packages/06/86/7f306b904e6c9eccf0668248b3f272090e49c275bc488a7b88b0823444a4/pydantic_core-2.27.2-cp312-cp312-manylinux_2_17_s390x.manylinux2014_s390x.whl", hash = "sha256:9c3ed807c7b91de05e63930188f19e921d1fe90de6b4f5cd43ee7fcc3525cb8c", size = 2685386 },
    { url = "https://files.pythonhosted.org/packages/8d/f0/49129b27c43396581a635d8710dae54a791b17dfc50c70164866bbf865e3/pydantic_core-2.27.2-cp312-cp312-manylinux_2_17_x86_64.manylinux2014_x86_64.whl", hash = "sha256:6fb4aadc0b9a0c063206846d603b92030eb6f03069151a625667f982887153e2", size = 1997060 },
    { url = "https://files.pythonhosted.org/packages/0d/0f/943b4af7cd416c477fd40b187036c4f89b416a33d3cc0ab7b82708a667aa/pydantic_core-2.27.2-cp312-cp312-manylinux_2_5_i686.manylinux1_i686.whl", hash = "sha256:28ccb213807e037460326424ceb8b5245acb88f32f3d2777427476e1b32c48c4", size = 2004870 },
    { url = "https://files.pythonhosted.org/packages/35/40/aea70b5b1a63911c53a4c8117c0a828d6790483f858041f47bab0b779f44/pydantic_core-2.27.2-cp312-cp312-musllinux_1_1_aarch64.whl", hash = "sha256:de3cd1899e2c279b140adde9357c4495ed9d47131b4a4eaff9052f23398076b3", size = 1999822 },
    { url = "https://files.pythonhosted.org/packages/f2/b3/807b94fd337d58effc5498fd1a7a4d9d59af4133e83e32ae39a96fddec9d/pydantic_core-2.27.2-cp312-cp312-musllinux_1_1_armv7l.whl", hash = "sha256:220f892729375e2d736b97d0e51466252ad84c51857d4d15f5e9692f9ef12be4", size = 2130364 },
    { url = "https://files.pythonhosted.org/packages/fc/df/791c827cd4ee6efd59248dca9369fb35e80a9484462c33c6649a8d02b565/pydantic_core-2.27.2-cp312-cp312-musllinux_1_1_x86_64.whl", hash = "sha256:a0fcd29cd6b4e74fe8ddd2c90330fd8edf2e30cb52acda47f06dd615ae72da57", size = 2158303 },
    { url = "https://files.pythonhosted.org/packages/9b/67/4e197c300976af185b7cef4c02203e175fb127e414125916bf1128b639a9/pydantic_core-2.27.2-cp312-cp312-win32.whl", hash = "sha256:1e2cb691ed9834cd6a8be61228471d0a503731abfb42f82458ff27be7b2186fc", size = 1834064 },
    { url = "https://files.pythonhosted.org/packages/1f/ea/cd7209a889163b8dcca139fe32b9687dd05249161a3edda62860430457a5/pydantic_core-2.27.2-cp312-cp312-win_amd64.whl", hash = "sha256:cc3f1a99a4f4f9dd1de4fe0312c114e740b5ddead65bb4102884b384c15d8bc9", size = 1989046 },
    { url = "https://files.pythonhosted.org/packages/bc/49/c54baab2f4658c26ac633d798dab66b4c3a9bbf47cff5284e9c182f4137a/pydantic_core-2.27.2-cp312-cp312-win_arm64.whl", hash = "sha256:3911ac9284cd8a1792d3cb26a2da18f3ca26c6908cc434a18f730dc0db7bfa3b", size = 1885092 },
    { url = "https://files.pythonhosted.org/packages/41/b1/9bc383f48f8002f99104e3acff6cba1231b29ef76cfa45d1506a5cad1f84/pydantic_core-2.27.2-cp313-cp313-macosx_10_12_x86_64.whl", hash = "sha256:7d14bd329640e63852364c306f4d23eb744e0f8193148d4044dd3dacdaacbd8b", size = 1892709 },
    { url = "https://files.pythonhosted.org/packages/10/6c/e62b8657b834f3eb2961b49ec8e301eb99946245e70bf42c8817350cbefc/pydantic_core-2.27.2-cp313-cp313-macosx_11_0_arm64.whl", hash = "sha256:82f91663004eb8ed30ff478d77c4d1179b3563df6cdb15c0817cd1cdaf34d154", size = 1811273 },
    { url = "https://files.pythonhosted.org/packages/ba/15/52cfe49c8c986e081b863b102d6b859d9defc63446b642ccbbb3742bf371/pydantic_core-2.27.2-cp313-cp313-manylinux_2_17_aarch64.manylinux2014_aarch64.whl", hash = "sha256:71b24c7d61131bb83df10cc7e687433609963a944ccf45190cfc21e0887b08c9", size = 1823027 },
    { url = "https://files.pythonhosted.org/packages/b1/1c/b6f402cfc18ec0024120602bdbcebc7bdd5b856528c013bd4d13865ca473/pydantic_core-2.27.2-cp313-cp313-manylinux_2_17_armv7l.manylinux2014_armv7l.whl", hash = "sha256:fa8e459d4954f608fa26116118bb67f56b93b209c39b008277ace29937453dc9", size = 1868888 },
    { url = "https://files.pythonhosted.org/packages/bd/7b/8cb75b66ac37bc2975a3b7de99f3c6f355fcc4d89820b61dffa8f1e81677/pydantic_core-2.27.2-cp313-cp313-manylinux_2_17_ppc64le.manylinux2014_ppc64le.whl", hash = "sha256:ce8918cbebc8da707ba805b7fd0b382816858728ae7fe19a942080c24e5b7cd1", size = 2037738 },
    { url = "https://files.pythonhosted.org/packages/c8/f1/786d8fe78970a06f61df22cba58e365ce304bf9b9f46cc71c8c424e0c334/pydantic_core-2.27.2-cp313-cp313-manylinux_2_17_s390x.manylinux2014_s390x.whl", hash = "sha256:eda3f5c2a021bbc5d976107bb302e0131351c2ba54343f8a496dc8783d3d3a6a", size = 2685138 },
    { url = "https://files.pythonhosted.org/packages/a6/74/d12b2cd841d8724dc8ffb13fc5cef86566a53ed358103150209ecd5d1999/pydantic_core-2.27.2-cp313-cp313-manylinux_2_17_x86_64.manylinux2014_x86_64.whl", hash = "sha256:bd8086fa684c4775c27f03f062cbb9eaa6e17f064307e86b21b9e0abc9c0f02e", size = 1997025 },
    { url = "https://files.pythonhosted.org/packages/a0/6e/940bcd631bc4d9a06c9539b51f070b66e8f370ed0933f392db6ff350d873/pydantic_core-2.27.2-cp313-cp313-manylinux_2_5_i686.manylinux1_i686.whl", hash = "sha256:8d9b3388db186ba0c099a6d20f0604a44eabdeef1777ddd94786cdae158729e4", size = 2004633 },
    { url = "https://files.pythonhosted.org/packages/50/cc/a46b34f1708d82498c227d5d80ce615b2dd502ddcfd8376fc14a36655af1/pydantic_core-2.27.2-cp313-cp313-musllinux_1_1_aarch64.whl", hash = "sha256:7a66efda2387de898c8f38c0cf7f14fca0b51a8ef0b24bfea5849f1b3c95af27", size = 1999404 },
    { url = "https://files.pythonhosted.org/packages/ca/2d/c365cfa930ed23bc58c41463bae347d1005537dc8db79e998af8ba28d35e/pydantic_core-2.27.2-cp313-cp313-musllinux_1_1_armv7l.whl", hash = "sha256:18a101c168e4e092ab40dbc2503bdc0f62010e95d292b27827871dc85450d7ee", size = 2130130 },
    { url = "https://files.pythonhosted.org/packages/f4/d7/eb64d015c350b7cdb371145b54d96c919d4db516817f31cd1c650cae3b21/pydantic_core-2.27.2-cp313-cp313-musllinux_1_1_x86_64.whl", hash = "sha256:ba5dd002f88b78a4215ed2f8ddbdf85e8513382820ba15ad5ad8955ce0ca19a1", size = 2157946 },
    { url = "https://files.pythonhosted.org/packages/a4/99/bddde3ddde76c03b65dfd5a66ab436c4e58ffc42927d4ff1198ffbf96f5f/pydantic_core-2.27.2-cp313-cp313-win32.whl", hash = "sha256:1ebaf1d0481914d004a573394f4be3a7616334be70261007e47c2a6fe7e50130", size = 1834387 },
    { url = "https://files.pythonhosted.org/packages/71/47/82b5e846e01b26ac6f1893d3c5f9f3a2eb6ba79be26eef0b759b4fe72946/pydantic_core-2.27.2-cp313-cp313-win_amd64.whl", hash = "sha256:953101387ecf2f5652883208769a79e48db18c6df442568a0b5ccd8c2723abee", size = 1990453 },
    { url = "https://files.pythonhosted.org/packages/51/b2/b2b50d5ecf21acf870190ae5d093602d95f66c9c31f9d5de6062eb329ad1/pydantic_core-2.27.2-cp313-cp313-win_arm64.whl", hash = "sha256:ac4dbfd1691affb8f48c2c13241a2e3b60ff23247cbcf981759c768b6633cf8b", size = 1885186 },
]

[[package]]
name = "pydantic-settings"
version = "2.8.1"
source = { registry = "https://pypi.org/simple" }
dependencies = [
    { name = "pydantic" },
    { name = "python-dotenv" },
]
sdist = { url = "https://files.pythonhosted.org/packages/88/82/c79424d7d8c29b994fb01d277da57b0a9b09cc03c3ff875f9bd8a86b2145/pydantic_settings-2.8.1.tar.gz", hash = "sha256:d5c663dfbe9db9d5e1c646b2e161da12f0d734d422ee56f567d0ea2cee4e8585", size = 83550 }
wheels = [
    { url = "https://files.pythonhosted.org/packages/0b/53/a64f03044927dc47aafe029c42a5b7aabc38dfb813475e0e1bf71c4a59d0/pydantic_settings-2.8.1-py3-none-any.whl", hash = "sha256:81942d5ac3d905f7f3ee1a70df5dfb62d5569c12f51a5a647defc1c3d9ee2e9c", size = 30839 },
]

[[package]]
name = "pydentic"
version = "0.0.1.dev3"
source = { registry = "https://pypi.org/simple" }
dependencies = [
    { name = "python-stdnum" },
]
sdist = { url = "https://files.pythonhosted.org/packages/f8/2e/f14d8bc4141b680db8e8b175c167c38ff02c67569ac276f461a02f300cdd/pydentic-0.0.1.dev3.tar.gz", hash = "sha256:4c5ee9c260e3cbcdb2a2d725b1d98046cb2b5298e6d6154449a685cf4cca85ec", size = 6959 }
wheels = [
    { url = "https://files.pythonhosted.org/packages/87/cc/91315af0dd1248fff43ce8e94bb19a7b480962115a632d59bc3f9f85f92c/pydentic-0.0.1.dev3-py3-none-any.whl", hash = "sha256:b37f690f262e02e781deae8588a411c596489bc2837701fbb5e8c59b31b4236e", size = 6903 },
]

[[package]]
name = "python-dotenv"
version = "1.1.0"
source = { registry = "https://pypi.org/simple" }
sdist = { url = "https://files.pythonhosted.org/packages/88/2c/7bb1416c5620485aa793f2de31d3df393d3686aa8a8506d11e10e13c5baf/python_dotenv-1.1.0.tar.gz", hash = "sha256:41f90bc6f5f177fb41f53e87666db362025010eb28f60a01c9143bfa33a2b2d5", size = 39920 }
wheels = [
    { url = "https://files.pythonhosted.org/packages/1e/18/98a99ad95133c6a6e2005fe89faedf294a748bd5dc803008059409ac9b1e/python_dotenv-1.1.0-py3-none-any.whl", hash = "sha256:d7c01d9e2293916c18baf562d95698754b0dbbb5e74d457c45d4f6561fb9d55d", size = 20256 },
]

[[package]]
name = "python-stdnum"
version = "1.20"
source = { registry = "https://pypi.org/simple" }
sdist = { url = "https://files.pythonhosted.org/packages/40/3f/dd322d9408e1850a8f0faab8e2a4bf2a55c0b722a72f7579362177dfad72/python-stdnum-1.20.tar.gz", hash = "sha256:ad2a2cf2eb025de408210235f36b4ae31252de3186240ccaa8126e117cb82690", size = 1191978 }
wheels = [
    { url = "https://files.pythonhosted.org/packages/d6/0f/8639d60f6d7c169836694aa81504c4ee9a95dfb73ccdb16be66df4785f52/python_stdnum-1.20-py2.py3-none-any.whl", hash = "sha256:111008e10391d54fb2afad2a10df70d5cb0c6c0a7ec82fec6f022cb8712961d3", size = 1059803 },
]

[[package]]
name = "typing-extensions"
version = "4.13.0"
source = { registry = "https://pypi.org/simple" }
sdist = { url = "https://files.pythonhosted.org/packages/0e/3e/b00a62db91a83fff600de219b6ea9908e6918664899a2d85db222f4fbf19/typing_extensions-4.13.0.tar.gz", hash = "sha256:0a4ac55a5820789d87e297727d229866c9650f6521b64206413c4fbada24d95b", size = 106520 }
wheels = [
    { url = "https://files.pythonhosted.org/packages/e0/86/39b65d676ec5732de17b7e3c476e45bb80ec64eb50737a8dce1a4178aba1/typing_extensions-4.13.0-py3-none-any.whl", hash = "sha256:c8dd92cc0d6425a97c18fbb9d1954e5ff92c1ca881a309c45f06ebc0b79058e5", size = 45683 },
]
